
Microsoft Visual Studio Solution File, Format Version 12.00
# Visual Studio Version 16
VisualStudioVersion = 16.0.30907.101
MinimumVisualStudioVersion = 10.0.40219.1
Project("{FAE04EC0-301F-11D3-BF4B-00C04F79EFBC}") = "ClassMetotDemo", "ClassMetotDemo\ClassMetotDemo.csproj", "{9650DDA4-64CA-4D69-AA75-DB54DE4BD670}"
EndProject
Global
	GlobalSection(SolutionConfigurationPlatforms) = preSolution
		Debug|Any CPU = Debug|Any CPU
		Release|Any CPU = Release|Any CPU
	EndGlobalSection
	GlobalSection(ProjectConfigurationPlatforms) = postSolution
		{9650DDA4-64CA-4D69-AA75-DB54DE4BD670}.Debug|Any CPU.ActiveCfg = Debug|Any CPU
		{9650DDA4-64CA-4D69-AA75-DB54DE4BD670}.Debug|Any CPU.Build.0 = Debug|Any CPU
		{9650DDA4-64CA-4D69-AA75-DB54DE4BD670}.Release|Any CPU.ActiveCfg = Release|Any CPU
		{9650DDA4-64CA-4D69-AA75-DB54DE4BD670}.Release|Any CPU.Build.0 = Release|Any CPU
	EndGlobalSection
	GlobalSection(SolutionProperties) = preSolution
		HideSolutionNode = FALSE
	EndGlobalSection
	GlobalSection(ExtensibilityGlobals) = postSolution
		SolutionGuid = {5E7C1C5A-6401-4ACC-A914-79E4A28E98C2}
	EndGlobalSection
EndGlobal
